
Microsoft Visual Studio Solution File, Format Version 12.00
# Visual Studio Version 17
VisualStudioVersion = 17.13.35919.96
MinimumVisualStudioVersion = 10.0.40219.1
Project("{FAE04EC0-301F-11D3-BF4B-00C04F79EFBC}") = "HelseId.ClientCredentials", "src\HelseID\ClientCredentials\HelseId.ClientCredentials.csproj", "{117CC087-E6CB-4DEA-88AF-DB1DFEC2ECCC}"
EndProject
Project("{FAE04EC0-301F-11D3-BF4B-00C04F79EFBC}") = "HelseId.Common", "src\HelseID\Common\HelseId.Common.csproj", "{2A054025-503A-405B-BD3E-75F43B3B0BC6}"
EndProject
Project("{FAE04EC0-301F-11D3-BF4B-00C04F79EFBC}") = "HelseId.Configuration", "src\HelseID\Configuration\HelseId.Configuration.csproj", "{36266DA1-AB27-4D38-B14C-4B3742321636}"
EndProject
Project("{FAE04EC0-301F-11D3-BF4B-00C04F79EFBC}") = "Pvk", "src\PvkApi\Pvk.csproj", "{5F870B40-BC71-09ED-3F74-5FCF720A5E8E}"
EndProject
Global
	GlobalSection(SolutionConfigurationPlatforms) = preSolution
		Debug|Any CPU = Debug|Any CPU
		Release|Any CPU = Release|Any CPU
	EndGlobalSection
	GlobalSection(ProjectConfigurationPlatforms) = postSolution
		{117CC087-E6CB-4DEA-88AF-DB1DFEC2ECCC}.Debug|Any CPU.ActiveCfg = Debug|Any CPU
		{117CC087-E6CB-4DEA-88AF-DB1DFEC2ECCC}.Debug|Any CPU.Build.0 = Debug|Any CPU
		{117CC087-E6CB-4DEA-88AF-DB1DFEC2ECCC}.Release|Any CPU.ActiveCfg = Release|Any CPU
		{117CC087-E6CB-4DEA-88AF-DB1DFEC2ECCC}.Release|Any CPU.Build.0 = Release|Any CPU
		{2A054025-503A-405B-BD3E-75F43B3B0BC6}.Debug|Any CPU.ActiveCfg = Debug|Any CPU
		{2A054025-503A-405B-BD3E-75F43B3B0BC6}.Debug|Any CPU.Build.0 = Debug|Any CPU
		{2A054025-503A-405B-BD3E-75F43B3B0BC6}.Release|Any CPU.ActiveCfg = Release|Any CPU
		{2A054025-503A-405B-BD3E-75F43B3B0BC6}.Release|Any CPU.Build.0 = Release|Any CPU
		{36266DA1-AB27-4D38-B14C-4B3742321636}.Debug|Any CPU.ActiveCfg = Debug|Any CPU
		{36266DA1-AB27-4D38-B14C-4B3742321636}.Debug|Any CPU.Build.0 = Debug|Any CPU
		{36266DA1-AB27-4D38-B14C-4B3742321636}.Release|Any CPU.ActiveCfg = Release|Any CPU
		{36266DA1-AB27-4D38-B14C-4B3742321636}.Release|Any CPU.Build.0 = Release|Any CPU
		{5F870B40-BC71-09ED-3F74-5FCF720A5E8E}.Debug|Any CPU.ActiveCfg = Debug|Any CPU
		{5F870B40-BC71-09ED-3F74-5FCF720A5E8E}.Debug|Any CPU.Build.0 = Debug|Any CPU
		{5F870B40-BC71-09ED-3F74-5FCF720A5E8E}.Release|Any CPU.ActiveCfg = Release|Any CPU
		{5F870B40-BC71-09ED-3F74-5FCF720A5E8E}.Release|Any CPU.Build.0 = Release|Any CPU
	EndGlobalSection
	GlobalSection(SolutionProperties) = preSolution
		HideSolutionNode = FALSE
	EndGlobalSection
	GlobalSection(ExtensibilityGlobals) = postSolution
		SolutionGuid = {3E2F99C6-4821-49C5-AA3D-002E5A9C6D51}
	EndGlobalSection
EndGlobal
